
Microsoft Visual Studio Solution File, Format Version 12.00
# Visual Studio Version 17
VisualStudioVersion = 17.4.33213.308
MinimumVisualStudioVersion = 10.0.40219.1
Project("{FAE04EC0-301F-11D3-BF4B-00C04F79EFBC}") = "ANazhatOOP", "ANazhatOOP.csproj", "{1FEB927F-2852-4CAD-B154-6B374C462508}"
EndProject
Global
	GlobalSection(SolutionConfigurationPlatforms) = preSolution
		Debug|Any CPU = Debug|Any CPU
		Release|Any CPU = Release|Any CPU
	EndGlobalSection
	GlobalSection(ProjectConfigurationPlatforms) = postSolution
		{1FEB927F-2852-4CAD-B154-6B374C462508}.Debug|Any CPU.ActiveCfg = Debug|Any CPU
		{1FEB927F-2852-4CAD-B154-6B374C462508}.Debug|Any CPU.Build.0 = Debug|Any CPU
		{1FEB927F-2852-4CAD-B154-6B374C462508}.Release|Any CPU.ActiveCfg = Release|Any CPU
		{1FEB927F-2852-4CAD-B154-6B374C462508}.Release|Any CPU.Build.0 = Release|Any CPU
	EndGlobalSection
	GlobalSection(SolutionProperties) = preSolution
		HideSolutionNode = FALSE
	EndGlobalSection
	GlobalSection(ExtensibilityGlobals) = postSolution
		SolutionGuid = {44A31E9F-63B2-4B9B-A2F3-2243D0F70DE4}
	EndGlobalSection
EndGlobal
